// !$*UTF8*$!
{
	archiveVersion = 1;
	classes = {
	};
	objectVersion = 46;
	objects = {

/* Begin PBXBuildFile section */
		437FB9411BB67AF400BCEEA8 /* InviteHomeViewController.swift in Sources */ = {isa = PBXBuildFile; fileRef = 437FB9401BB67AF400BCEEA8 /* InviteHomeViewController.swift */; };
		437FB9431BB6808A00BCEEA8 /* Helpers.swift in Sources */ = {isa = PBXBuildFile; fileRef = 437FB9421BB6808A00BCEEA8 /* Helpers.swift */; };
		437FB94E1BB683E000BCEEA8 /* Images in Resources */ = {isa = PBXBuildFile; fileRef = 437FB9451BB683E000BCEEA8 /* Images */; };
		437FB94F1BB683E000BCEEA8 /* NSDate+NWCalendarView.swift in Sources */ = {isa = PBXBuildFile; fileRef = 437FB9461BB683E000BCEEA8 /* NSDate+NWCalendarView.swift */; };
		437FB9501BB683E000BCEEA8 /* NWCalendarCache.swift in Sources */ = {isa = PBXBuildFile; fileRef = 437FB9471BB683E000BCEEA8 /* NWCalendarCache.swift */; };
		437FB9511BB683E000BCEEA8 /* NWCalendarDayView.swift in Sources */ = {isa = PBXBuildFile; fileRef = 437FB9481BB683E000BCEEA8 /* NWCalendarDayView.swift */; };
		437FB9521BB683E000BCEEA8 /* NWCalendarMenuView.swift in Sources */ = {isa = PBXBuildFile; fileRef = 437FB9491BB683E000BCEEA8 /* NWCalendarMenuView.swift */; };
		437FB9531BB683E000BCEEA8 /* NWCalendarMonthContentView.swift in Sources */ = {isa = PBXBuildFile; fileRef = 437FB94A1BB683E000BCEEA8 /* NWCalendarMonthContentView.swift */; };
		437FB9541BB683E000BCEEA8 /* NWCalendarMonthSelectorView.swift in Sources */ = {isa = PBXBuildFile; fileRef = 437FB94B1BB683E000BCEEA8 /* NWCalendarMonthSelectorView.swift */; };
		437FB9551BB683E000BCEEA8 /* NWCalendarMonthView.swift in Sources */ = {isa = PBXBuildFile; fileRef = 437FB94C1BB683E000BCEEA8 /* NWCalendarMonthView.swift */; };
		437FB9561BB683E000BCEEA8 /* NWCalendarView.swift in Sources */ = {isa = PBXBuildFile; fileRef = 437FB94D1BB683E000BCEEA8 /* NWCalendarView.swift */; };
		43D745671B25655E00EE09DD /* AppDelegate.swift in Sources */ = {isa = PBXBuildFile; fileRef = 43D745661B25655E00EE09DD /* AppDelegate.swift */; };
		43D745691B25655E00EE09DD /* LoginViewController.swift in Sources */ = {isa = PBXBuildFile; fileRef = 43D745681B25655E00EE09DD /* LoginViewController.swift */; };
		43D7456C1B25655E00EE09DD /* Main.storyboard in Resources */ = {isa = PBXBuildFile; fileRef = 43D7456A1B25655E00EE09DD /* Main.storyboard */; };
		43D7456E1B25655E00EE09DD /* Images.xcassets in Resources */ = {isa = PBXBuildFile; fileRef = 43D7456D1B25655E00EE09DD /* Images.xcassets */; };
		43D745711B25655E00EE09DD /* LaunchScreen.xib in Resources */ = {isa = PBXBuildFile; fileRef = 43D7456F1B25655E00EE09DD /* LaunchScreen.xib */; };
		43D7457D1B25655E00EE09DD /* Gatsbi_iOSTests.swift in Sources */ = {isa = PBXBuildFile; fileRef = 43D7457C1B25655E00EE09DD /* Gatsbi_iOSTests.swift */; };
		43D7458E1B25677000EE09DD /* Parse.framework in Frameworks */ = {isa = PBXBuildFile; fileRef = 43D7458D1B25677000EE09DD /* Parse.framework */; };
		43D745901B25677600EE09DD /* Bolts.framework in Frameworks */ = {isa = PBXBuildFile; fileRef = 43D7458F1B25677600EE09DD /* Bolts.framework */; };
		43D745971B25678800EE09DD /* ParseFacebookUtilsV4.framework in Frameworks */ = {isa = PBXBuildFile; fileRef = 43D745931B25678800EE09DD /* ParseFacebookUtilsV4.framework */; };
		43D745981B25678800EE09DD /* ParseUI.framework in Frameworks */ = {isa = PBXBuildFile; fileRef = 43D745941B25678800EE09DD /* ParseUI.framework */; };
		43D7459A1B2567BB00EE09DD /* Accounts.framework in Frameworks */ = {isa = PBXBuildFile; fileRef = 43D745991B2567BB00EE09DD /* Accounts.framework */; };
		43D7459C1B2567C700EE09DD /* AudioToolbox.framework in Frameworks */ = {isa = PBXBuildFile; fileRef = 43D7459B1B2567C700EE09DD /* AudioToolbox.framework */; };
		43D7459E1B2567D700EE09DD /* CFNetwork.framework in Frameworks */ = {isa = PBXBuildFile; fileRef = 43D7459D1B2567D700EE09DD /* CFNetwork.framework */; };
		43D745A01B2567DD00EE09DD /* CoreGraphics.framework in Frameworks */ = {isa = PBXBuildFile; fileRef = 43D7459F1B2567DD00EE09DD /* CoreGraphics.framework */; };
		43D745A21B2567E800EE09DD /* CoreLocation.framework in Frameworks */ = {isa = PBXBuildFile; fileRef = 43D745A11B2567E800EE09DD /* CoreLocation.framework */; };
		43D745A41B2567F900EE09DD /* MobileCoreServices.framework in Frameworks */ = {isa = PBXBuildFile; fileRef = 43D745A31B2567F900EE09DD /* MobileCoreServices.framework */; };
		43D745A61B25680300EE09DD /* QuartzCore.framework in Frameworks */ = {isa = PBXBuildFile; fileRef = 43D745A51B25680300EE09DD /* QuartzCore.framework */; };
		43D745A81B25680C00EE09DD /* Security.framework in Frameworks */ = {isa = PBXBuildFile; fileRef = 43D745A71B25680C00EE09DD /* Security.framework */; };
		43D745AA1B25681400EE09DD /* Social.framework in Frameworks */ = {isa = PBXBuildFile; fileRef = 43D745A91B25681400EE09DD /* Social.framework */; };
		43D745AC1B25681C00EE09DD /* StoreKit.framework in Frameworks */ = {isa = PBXBuildFile; fileRef = 43D745AB1B25681C00EE09DD /* StoreKit.framework */; };
		43D745AE1B25682B00EE09DD /* SystemConfiguration.framework in Frameworks */ = {isa = PBXBuildFile; fileRef = 43D745AD1B25682B00EE09DD /* SystemConfiguration.framework */; };
		43D745B01B25683400EE09DD /* libz.dylib in Frameworks */ = {isa = PBXBuildFile; fileRef = 43D745AF1B25683400EE09DD /* libz.dylib */; };
		43D745B21B25684000EE09DD /* libsqlite3.dylib in Frameworks */ = {isa = PBXBuildFile; fileRef = 43D745B11B25684000EE09DD /* libsqlite3.dylib */; };
		43D745B41B256FC600EE09DD /* FBSDKCoreKit.framework in Frameworks */ = {isa = PBXBuildFile; fileRef = 43D745B31B256FC600EE09DD /* FBSDKCoreKit.framework */; };
		43D745B61B256FCC00EE09DD /* FBSDKLoginKit.framework in Frameworks */ = {isa = PBXBuildFile; fileRef = 43D745B51B256FCC00EE09DD /* FBSDKLoginKit.framework */; };
		43D745B81B256FD300EE09DD /* FBSDKShareKit.framework in Frameworks */ = {isa = PBXBuildFile; fileRef = 43D745B71B256FD300EE09DD /* FBSDKShareKit.framework */; };
		43D745BD1B257CC900EE09DD /* ParseCrashReporting.framework in Frameworks */ = {isa = PBXBuildFile; fileRef = 43D745BC1B257CC900EE09DD /* ParseCrashReporting.framework */; };
		43D745BF1B257D0A00EE09DD /* Foundation.framework in Frameworks */ = {isa = PBXBuildFile; fileRef = 43D745BE1B257D0A00EE09DD /* Foundation.framework */; };
		43D745C11B257D6300EE09DD /* libstdc++.6.0.9.dylib in Frameworks */ = {isa = PBXBuildFile; fileRef = 43D745C01B257D6300EE09DD /* libstdc++.6.0.9.dylib */; };
		43D745C31B257D6D00EE09DD /* libsqlite3.0.dylib in Frameworks */ = {isa = PBXBuildFile; fileRef = 43D745C21B257D6D00EE09DD /* libsqlite3.0.dylib */; };
/* End PBXBuildFile section */

/* Begin PBXContainerItemProxy section */
		43D745771B25655E00EE09DD /* PBXContainerItemProxy */ = {
			isa = PBXContainerItemProxy;
			containerPortal = 43D745591B25655E00EE09DD /* Project object */;
			proxyType = 1;
			remoteGlobalIDString = 43D745601B25655E00EE09DD;
			remoteInfo = Gatsbi_iOS;
		};
/* End PBXContainerItemProxy section */

/* Begin PBXFileReference section */
		437FB9401BB67AF400BCEEA8 /* InviteHomeViewController.swift */ = {isa = PBXFileReference; fileEncoding = 4; lastKnownFileType = sourcecode.swift; path = InviteHomeViewController.swift; sourceTree = "<group>"; };
		437FB9421BB6808A00BCEEA8 /* Helpers.swift */ = {isa = PBXFileReference; fileEncoding = 4; lastKnownFileType = sourcecode.swift; path = Helpers.swift; sourceTree = "<group>"; };
		437FB9451BB683E000BCEEA8 /* Images */ = {isa = PBXFileReference; lastKnownFileType = folder; name = Images; path = NWCalendar/Images; sourceTree = "<group>"; };
		437FB9461BB683E000BCEEA8 /* NSDate+NWCalendarView.swift */ = {isa = PBXFileReference; fileEncoding = 4; lastKnownFileType = sourcecode.swift; name = "NSDate+NWCalendarView.swift"; path = "NWCalendar/NSDate+NWCalendarView.swift"; sourceTree = "<group>"; };
		437FB9471BB683E000BCEEA8 /* NWCalendarCache.swift */ = {isa = PBXFileReference; fileEncoding = 4; lastKnownFileType = sourcecode.swift; name = NWCalendarCache.swift; path = NWCalendar/NWCalendarCache.swift; sourceTree = "<group>"; };
		437FB9481BB683E000BCEEA8 /* NWCalendarDayView.swift */ = {isa = PBXFileReference; fileEncoding = 4; lastKnownFileType = sourcecode.swift; name = NWCalendarDayView.swift; path = NWCalendar/NWCalendarDayView.swift; sourceTree = "<group>"; };
		437FB9491BB683E000BCEEA8 /* NWCalendarMenuView.swift */ = {isa = PBXFileReference; fileEncoding = 4; lastKnownFileType = sourcecode.swift; name = NWCalendarMenuView.swift; path = NWCalendar/NWCalendarMenuView.swift; sourceTree = "<group>"; };
		437FB94A1BB683E000BCEEA8 /* NWCalendarMonthContentView.swift */ = {isa = PBXFileReference; fileEncoding = 4; lastKnownFileType = sourcecode.swift; name = NWCalendarMonthContentView.swift; path = NWCalendar/NWCalendarMonthContentView.swift; sourceTree = "<group>"; };
		437FB94B1BB683E000BCEEA8 /* NWCalendarMonthSelectorView.swift */ = {isa = PBXFileReference; fileEncoding = 4; lastKnownFileType = sourcecode.swift; name = NWCalendarMonthSelectorView.swift; path = NWCalendar/NWCalendarMonthSelectorView.swift; sourceTree = "<group>"; };
		437FB94C1BB683E000BCEEA8 /* NWCalendarMonthView.swift */ = {isa = PBXFileReference; fileEncoding = 4; lastKnownFileType = sourcecode.swift; name = NWCalendarMonthView.swift; path = NWCalendar/NWCalendarMonthView.swift; sourceTree = "<group>"; };
		437FB94D1BB683E000BCEEA8 /* NWCalendarView.swift */ = {isa = PBXFileReference; fileEncoding = 4; lastKnownFileType = sourcecode.swift; name = NWCalendarView.swift; path = NWCalendar/NWCalendarView.swift; sourceTree = "<group>"; };
		43D745611B25655E00EE09DD /* Gatsbi_iOS.app */ = {isa = PBXFileReference; explicitFileType = wrapper.application; includeInIndex = 0; path = Gatsbi_iOS.app; sourceTree = BUILT_PRODUCTS_DIR; };
		43D745651B25655E00EE09DD /* Info.plist */ = {isa = PBXFileReference; lastKnownFileType = text.plist.xml; path = Info.plist; sourceTree = "<group>"; };
		43D745661B25655E00EE09DD /* AppDelegate.swift */ = {isa = PBXFileReference; lastKnownFileType = sourcecode.swift; path = AppDelegate.swift; sourceTree = "<group>"; };
		43D745681B25655E00EE09DD /* LoginViewController.swift */ = {isa = PBXFileReference; lastKnownFileType = sourcecode.swift; path = LoginViewController.swift; sourceTree = "<group>"; };
		43D7456B1B25655E00EE09DD /* Base */ = {isa = PBXFileReference; lastKnownFileType = file.storyboard; name = Base; path = Base.lproj/Main.storyboard; sourceTree = "<group>"; };
		43D7456D1B25655E00EE09DD /* Images.xcassets */ = {isa = PBXFileReference; lastKnownFileType = folder.assetcatalog; path = Images.xcassets; sourceTree = "<group>"; };
		43D745701B25655E00EE09DD /* Base */ = {isa = PBXFileReference; lastKnownFileType = file.xib; name = Base; path = Base.lproj/LaunchScreen.xib; sourceTree = "<group>"; };
		43D745761B25655E00EE09DD /* Gatsbi_iOSTests.xctest */ = {isa = PBXFileReference; explicitFileType = wrapper.cfbundle; includeInIndex = 0; path = Gatsbi_iOSTests.xctest; sourceTree = BUILT_PRODUCTS_DIR; };
		43D7457B1B25655E00EE09DD /* Info.plist */ = {isa = PBXFileReference; lastKnownFileType = text.plist.xml; path = Info.plist; sourceTree = "<group>"; };
		43D7457C1B25655E00EE09DD /* Gatsbi_iOSTests.swift */ = {isa = PBXFileReference; lastKnownFileType = sourcecode.swift; path = Gatsbi_iOSTests.swift; sourceTree = "<group>"; };
		43D7458D1B25677000EE09DD /* Parse.framework */ = {isa = PBXFileReference; lastKnownFileType = wrapper.framework; path = Parse.framework; sourceTree = "<group>"; };
		43D7458F1B25677600EE09DD /* Bolts.framework */ = {isa = PBXFileReference; lastKnownFileType = wrapper.framework; path = Bolts.framework; sourceTree = "<group>"; };
		43D745911B25678800EE09DD /* ParseCrashReporting.framework */ = {isa = PBXFileReference; lastKnownFileType = wrapper.framework; path = ParseCrashReporting.framework; sourceTree = "<group>"; };
		43D745931B25678800EE09DD /* ParseFacebookUtilsV4.framework */ = {isa = PBXFileReference; lastKnownFileType = wrapper.framework; path = ParseFacebookUtilsV4.framework; sourceTree = "<group>"; };
		43D745941B25678800EE09DD /* ParseUI.framework */ = {isa = PBXFileReference; lastKnownFileType = wrapper.framework; path = ParseUI.framework; sourceTree = "<group>"; };
		43D745991B2567BB00EE09DD /* Accounts.framework */ = {isa = PBXFileReference; lastKnownFileType = wrapper.framework; name = Accounts.framework; path = System/Library/Frameworks/Accounts.framework; sourceTree = SDKROOT; };
		43D7459B1B2567C700EE09DD /* AudioToolbox.framework */ = {isa = PBXFileReference; lastKnownFileType = wrapper.framework; name = AudioToolbox.framework; path = System/Library/Frameworks/AudioToolbox.framework; sourceTree = SDKROOT; };
		43D7459D1B2567D700EE09DD /* CFNetwork.framework */ = {isa = PBXFileReference; lastKnownFileType = wrapper.framework; name = CFNetwork.framework; path = System/Library/Frameworks/CFNetwork.framework; sourceTree = SDKROOT; };
		43D7459F1B2567DD00EE09DD /* CoreGraphics.framework */ = {isa = PBXFileReference; lastKnownFileType = wrapper.framework; name = CoreGraphics.framework; path = System/Library/Frameworks/CoreGraphics.framework; sourceTree = SDKROOT; };
		43D745A11B2567E800EE09DD /* CoreLocation.framework */ = {isa = PBXFileReference; lastKnownFileType = wrapper.framework; name = CoreLocation.framework; path = System/Library/Frameworks/CoreLocation.framework; sourceTree = SDKROOT; };
		43D745A31B2567F900EE09DD /* MobileCoreServices.framework */ = {isa = PBXFileReference; lastKnownFileType = wrapper.framework; name = MobileCoreServices.framework; path = System/Library/Frameworks/MobileCoreServices.framework; sourceTree = SDKROOT; };
		43D745A51B25680300EE09DD /* QuartzCore.framework */ = {isa = PBXFileReference; lastKnownFileType = wrapper.framework; name = QuartzCore.framework; path = System/Library/Frameworks/QuartzCore.framework; sourceTree = SDKROOT; };
		43D745A71B25680C00EE09DD /* Security.framework */ = {isa = PBXFileReference; lastKnownFileType = wrapper.framework; name = Security.framework; path = System/Library/Frameworks/Security.framework; sourceTree = SDKROOT; };
		43D745A91B25681400EE09DD /* Social.framework */ = {isa = PBXFileReference; lastKnownFileType = wrapper.framework; name = Social.framework; path = System/Library/Frameworks/Social.framework; sourceTree = SDKROOT; };
		43D745AB1B25681C00EE09DD /* StoreKit.framework */ = {isa = PBXFileReference; lastKnownFileType = wrapper.framework; name = StoreKit.framework; path = System/Library/Frameworks/StoreKit.framework; sourceTree = SDKROOT; };
		43D745AD1B25682B00EE09DD /* SystemConfiguration.framework */ = {isa = PBXFileReference; lastKnownFileType = wrapper.framework; name = SystemConfiguration.framework; path = System/Library/Frameworks/SystemConfiguration.framework; sourceTree = SDKROOT; };
		43D745AF1B25683400EE09DD /* libz.dylib */ = {isa = PBXFileReference; lastKnownFileType = "compiled.mach-o.dylib"; name = libz.dylib; path = usr/lib/libz.dylib; sourceTree = SDKROOT; };
		43D745B11B25684000EE09DD /* libsqlite3.dylib */ = {isa = PBXFileReference; lastKnownFileType = "compiled.mach-o.dylib"; name = libsqlite3.dylib; path = usr/lib/libsqlite3.dylib; sourceTree = SDKROOT; };
		43D745B31B256FC600EE09DD /* FBSDKCoreKit.framework */ = {isa = PBXFileReference; lastKnownFileType = wrapper.framework; name = FBSDKCoreKit.framework; path = ../../../../Documents/FacebookSDK/FBSDKCoreKit.framework; sourceTree = "<group>"; };
		43D745B51B256FCC00EE09DD /* FBSDKLoginKit.framework */ = {isa = PBXFileReference; lastKnownFileType = wrapper.framework; name = FBSDKLoginKit.framework; path = ../../../../Documents/FacebookSDK/FBSDKLoginKit.framework; sourceTree = "<group>"; };
		43D745B71B256FD300EE09DD /* FBSDKShareKit.framework */ = {isa = PBXFileReference; lastKnownFileType = wrapper.framework; name = FBSDKShareKit.framework; path = ../../../../Documents/FacebookSDK/FBSDKShareKit.framework; sourceTree = "<group>"; };
		43D745BB1B25733E00EE09DD /* Gatsbi-Bridging-Header.h */ = {isa = PBXFileReference; lastKnownFileType = sourcecode.c.h; path = "Gatsbi-Bridging-Header.h"; sourceTree = "<group>"; };
		43D745BC1B257CC900EE09DD /* ParseCrashReporting.framework */ = {isa = PBXFileReference; lastKnownFileType = wrapper.framework; path = ParseCrashReporting.framework; sourceTree = "<group>"; };
		43D745BE1B257D0A00EE09DD /* Foundation.framework */ = {isa = PBXFileReference; lastKnownFileType = wrapper.framework; name = Foundation.framework; path = System/Library/Frameworks/Foundation.framework; sourceTree = SDKROOT; };
		43D745C01B257D6300EE09DD /* libstdc++.6.0.9.dylib */ = {isa = PBXFileReference; lastKnownFileType = "compiled.mach-o.dylib"; name = "libstdc++.6.0.9.dylib"; path = "usr/lib/libstdc++.6.0.9.dylib"; sourceTree = SDKROOT; };
		43D745C21B257D6D00EE09DD /* libsqlite3.0.dylib */ = {isa = PBXFileReference; lastKnownFileType = "compiled.mach-o.dylib"; name = libsqlite3.0.dylib; path = usr/lib/libsqlite3.0.dylib; sourceTree = SDKROOT; };
/* End PBXFileReference section */

/* Begin PBXFrameworksBuildPhase section */
		43D7455E1B25655E00EE09DD /* Frameworks */ = {
			isa = PBXFrameworksBuildPhase;
			buildActionMask = 2147483647;
			files = (
				43D745C31B257D6D00EE09DD /* libsqlite3.0.dylib in Frameworks */,
				43D745C11B257D6300EE09DD /* libstdc++.6.0.9.dylib in Frameworks */,
				43D745BF1B257D0A00EE09DD /* Foundation.framework in Frameworks */,
				43D745AA1B25681400EE09DD /* Social.framework in Frameworks */,
				43D745B21B25684000EE09DD /* libsqlite3.dylib in Frameworks */,
				43D745B01B25683400EE09DD /* libz.dylib in Frameworks */,
				43D745AE1B25682B00EE09DD /* SystemConfiguration.framework in Frameworks */,
				43D745AC1B25681C00EE09DD /* StoreKit.framework in Frameworks */,
				43D745B41B256FC600EE09DD /* FBSDKCoreKit.framework in Frameworks */,
				43D745B81B256FD300EE09DD /* FBSDKShareKit.framework in Frameworks */,
				43D745A81B25680C00EE09DD /* Security.framework in Frameworks */,
				43D745A61B25680300EE09DD /* QuartzCore.framework in Frameworks */,
				43D745BD1B257CC900EE09DD /* ParseCrashReporting.framework in Frameworks */,
				43D745A41B2567F900EE09DD /* MobileCoreServices.framework in Frameworks */,
				43D745A21B2567E800EE09DD /* CoreLocation.framework in Frameworks */,
				43D745A01B2567DD00EE09DD /* CoreGraphics.framework in Frameworks */,
				43D745B61B256FCC00EE09DD /* FBSDKLoginKit.framework in Frameworks */,
				43D7459E1B2567D700EE09DD /* CFNetwork.framework in Frameworks */,
				43D7459C1B2567C700EE09DD /* AudioToolbox.framework in Frameworks */,
				43D7459A1B2567BB00EE09DD /* Accounts.framework in Frameworks */,
				43D745981B25678800EE09DD /* ParseUI.framework in Frameworks */,
				43D7458E1B25677000EE09DD /* Parse.framework in Frameworks */,
				43D745901B25677600EE09DD /* Bolts.framework in Frameworks */,
				43D745971B25678800EE09DD /* ParseFacebookUtilsV4.framework in Frameworks */,
			);
			runOnlyForDeploymentPostprocessing = 0;
		};
		43D745731B25655E00EE09DD /* Frameworks */ = {
			isa = PBXFrameworksBuildPhase;
			buildActionMask = 2147483647;
			files = (
			);
			runOnlyForDeploymentPostprocessing = 0;
		};
/* End PBXFrameworksBuildPhase section */

/* Begin PBXGroup section */
		437FB9441BB6837E00BCEEA8 /* NWCalendar */ = {
			isa = PBXGroup;
			children = (
				437FB9451BB683E000BCEEA8 /* Images */,
				437FB9461BB683E000BCEEA8 /* NSDate+NWCalendarView.swift */,
				437FB9471BB683E000BCEEA8 /* NWCalendarCache.swift */,
				437FB9481BB683E000BCEEA8 /* NWCalendarDayView.swift */,
				437FB9491BB683E000BCEEA8 /* NWCalendarMenuView.swift */,
				437FB94A1BB683E000BCEEA8 /* NWCalendarMonthContentView.swift */,
				437FB94B1BB683E000BCEEA8 /* NWCalendarMonthSelectorView.swift */,
				437FB94C1BB683E000BCEEA8 /* NWCalendarMonthView.swift */,
				437FB94D1BB683E000BCEEA8 /* NWCalendarView.swift */,
			);
			name = NWCalendar;
			sourceTree = "<group>";
		};
		43D745581B25655E00EE09DD = {
			isa = PBXGroup;
			children = (
				43D745BB1B25733E00EE09DD /* Gatsbi-Bridging-Header.h */,
				43D745861B2566F000EE09DD /* Frameworks */,
				43D745631B25655E00EE09DD /* Gatsbi_iOS */,
				43D745791B25655E00EE09DD /* Gatsbi_iOSTests */,
				43D745621B25655E00EE09DD /* Products */,
			);
			sourceTree = "<group>";
		};
		43D745621B25655E00EE09DD /* Products */ = {
			isa = PBXGroup;
			children = (
				43D745611B25655E00EE09DD /* Gatsbi_iOS.app */,
				43D745761B25655E00EE09DD /* Gatsbi_iOSTests.xctest */,
			);
			name = Products;
			sourceTree = "<group>";
		};
		43D745631B25655E00EE09DD /* Gatsbi_iOS */ = {
			isa = PBXGroup;
			children = (
				437FB9441BB6837E00BCEEA8 /* NWCalendar */,
				43D745661B25655E00EE09DD /* AppDelegate.swift */,
				43D745681B25655E00EE09DD /* LoginViewController.swift */,
				43D7456A1B25655E00EE09DD /* Main.storyboard */,
				43D7456F1B25655E00EE09DD /* LaunchScreen.xib */,
				43D745641B25655E00EE09DD /* Supporting Files */,
				437FB9401BB67AF400BCEEA8 /* InviteHomeViewController.swift */,
				437FB9421BB6808A00BCEEA8 /* Helpers.swift */,
			);
			path = Gatsbi_iOS;
			sourceTree = "<group>";
		};
		43D745641B25655E00EE09DD /* Supporting Files */ = {
			isa = PBXGroup;
			children = (
				43D7456D1B25655E00EE09DD /* Images.xcassets */,
				43D745C61B2EA1FF00EE09DD /* images */,
				43D745651B25655E00EE09DD /* Info.plist */,
			);
			name = "Supporting Files";
			sourceTree = "<group>";
		};
		43D745791B25655E00EE09DD /* Gatsbi_iOSTests */ = {
			isa = PBXGroup;
			children = (
				43D7457C1B25655E00EE09DD /* Gatsbi_iOSTests.swift */,
				43D7457A1B25655E00EE09DD /* Supporting Files */,
			);
			path = Gatsbi_iOSTests;
			sourceTree = "<group>";
		};
		43D7457A1B25655E00EE09DD /* Supporting Files */ = {
			isa = PBXGroup;
			children = (
				43D7457B1B25655E00EE09DD /* Info.plist */,
			);
			name = "Supporting Files";
			sourceTree = "<group>";
		};
		43D745861B2566F000EE09DD /* Frameworks */ = {
			isa = PBXGroup;
			children = (
				43D745C21B257D6D00EE09DD /* libsqlite3.0.dylib */,
				43D745C01B257D6300EE09DD /* libstdc++.6.0.9.dylib */,
				43D745BE1B257D0A00EE09DD /* Foundation.framework */,
				43D745BC1B257CC900EE09DD /* ParseCrashReporting.framework */,
				43D745B71B256FD300EE09DD /* FBSDKShareKit.framework */,
				43D745B51B256FCC00EE09DD /* FBSDKLoginKit.framework */,
				43D745B31B256FC600EE09DD /* FBSDKCoreKit.framework */,
				43D745B11B25684000EE09DD /* libsqlite3.dylib */,
				43D745AF1B25683400EE09DD /* libz.dylib */,
				43D745AD1B25682B00EE09DD /* SystemConfiguration.framework */,
				43D745AB1B25681C00EE09DD /* StoreKit.framework */,
				43D745A91B25681400EE09DD /* Social.framework */,
				43D745A71B25680C00EE09DD /* Security.framework */,
				43D745A51B25680300EE09DD /* QuartzCore.framework */,
				43D745A31B2567F900EE09DD /* MobileCoreServices.framework */,
				43D745A11B2567E800EE09DD /* CoreLocation.framework */,
				43D7459F1B2567DD00EE09DD /* CoreGraphics.framework */,
				43D7459D1B2567D700EE09DD /* CFNetwork.framework */,
				43D7459B1B2567C700EE09DD /* AudioToolbox.framework */,
				43D745991B2567BB00EE09DD /* Accounts.framework */,
				43D745911B25678800EE09DD /* ParseCrashReporting.framework */,
				43D745931B25678800EE09DD /* ParseFacebookUtilsV4.framework */,
				43D745941B25678800EE09DD /* ParseUI.framework */,
				43D7458F1B25677600EE09DD /* Bolts.framework */,
				43D7458D1B25677000EE09DD /* Parse.framework */,
			);
			name = Frameworks;
			sourceTree = "<group>";
		};
		43D745C61B2EA1FF00EE09DD /* images */ = {
			isa = PBXGroup;
			children = (
			);
			name = images;
			sourceTree = "<group>";
		};
/* End PBXGroup section */

/* Begin PBXNativeTarget section */
		43D745601B25655E00EE09DD /* Gatsbi_iOS */ = {
			isa = PBXNativeTarget;
			buildConfigurationList = 43D745801B25655E00EE09DD /* Build configuration list for PBXNativeTarget "Gatsbi_iOS" */;
			buildPhases = (
				43D7455D1B25655E00EE09DD /* Sources */,
				43D7455E1B25655E00EE09DD /* Frameworks */,
				43D7455F1B25655E00EE09DD /* Resources */,
			);
			buildRules = (
			);
			dependencies = (
			);
			name = Gatsbi_iOS;
			productName = Gatsbi_iOS;
			productReference = 43D745611B25655E00EE09DD /* Gatsbi_iOS.app */;
			productType = "com.apple.product-type.application";
		};
		43D745751B25655E00EE09DD /* Gatsbi_iOSTests */ = {
			isa = PBXNativeTarget;
			buildConfigurationList = 43D745831B25655E00EE09DD /* Build configuration list for PBXNativeTarget "Gatsbi_iOSTests" */;
			buildPhases = (
				43D745721B25655E00EE09DD /* Sources */,
				43D745731B25655E00EE09DD /* Frameworks */,
				43D745741B25655E00EE09DD /* Resources */,
			);
			buildRules = (
			);
			dependencies = (
				43D745781B25655E00EE09DD /* PBXTargetDependency */,
			);
			name = Gatsbi_iOSTests;
			productName = Gatsbi_iOSTests;
			productReference = 43D745761B25655E00EE09DD /* Gatsbi_iOSTests.xctest */;
			productType = "com.apple.product-type.bundle.unit-test";
		};
/* End PBXNativeTarget section */

/* Begin PBXProject section */
		43D745591B25655E00EE09DD /* Project object */ = {
			isa = PBXProject;
			attributes = {
				LastUpgradeCheck = 0640;
				ORGANIZATIONNAME = Gatsbi;
				TargetAttributes = {
					43D745601B25655E00EE09DD = {
						CreatedOnToolsVersion = 6.3.2;
					};
					43D745751B25655E00EE09DD = {
						CreatedOnToolsVersion = 6.3.2;
						TestTargetID = 43D745601B25655E00EE09DD;
					};
				};
			};
			buildConfigurationList = 43D7455C1B25655E00EE09DD /* Build configuration list for PBXProject "Gatsbi_iOS" */;
			compatibilityVersion = "Xcode 3.2";
			developmentRegion = English;
			hasScannedForEncodings = 0;
			knownRegions = (
				en,
				Base,
			);
			mainGroup = 43D745581B25655E00EE09DD;
			productRefGroup = 43D745621B25655E00EE09DD /* Products */;
			projectDirPath = "";
			projectRoot = "";
			targets = (
				43D745601B25655E00EE09DD /* Gatsbi_iOS */,
				43D745751B25655E00EE09DD /* Gatsbi_iOSTests */,
			);
		};
/* End PBXProject section */

/* Begin PBXResourcesBuildPhase section */
		43D7455F1B25655E00EE09DD /* Resources */ = {
			isa = PBXResourcesBuildPhase;
			buildActionMask = 2147483647;
			files = (
				437FB94E1BB683E000BCEEA8 /* Images in Resources */,
				43D7456C1B25655E00EE09DD /* Main.storyboard in Resources */,
				43D745711B25655E00EE09DD /* LaunchScreen.xib in Resources */,
				43D7456E1B25655E00EE09DD /* Images.xcassets in Resources */,
			);
			runOnlyForDeploymentPostprocessing = 0;
		};
		43D745741B25655E00EE09DD /* Resources */ = {
			isa = PBXResourcesBuildPhase;
			buildActionMask = 2147483647;
			files = (
			);
			runOnlyForDeploymentPostprocessing = 0;
		};
/* End PBXResourcesBuildPhase section */

/* Begin PBXSourcesBuildPhase section */
		43D7455D1B25655E00EE09DD /* Sources */ = {
			isa = PBXSourcesBuildPhase;
			buildActionMask = 2147483647;
			files = (
				43D745691B25655E00EE09DD /* LoginViewController.swift in Sources */,
				437FB9551BB683E000BCEEA8 /* NWCalendarMonthView.swift in Sources */,
				437FB9501BB683E000BCEEA8 /* NWCalendarCache.swift in Sources */,
				437FB9521BB683E000BCEEA8 /* NWCalendarMenuView.swift in Sources */,
				437FB9411BB67AF400BCEEA8 /* InviteHomeViewController.swift in Sources */,
				437FB9561BB683E000BCEEA8 /* NWCalendarView.swift in Sources */,
				437FB9511BB683E000BCEEA8 /* NWCalendarDayView.swift in Sources */,
				43D745671B25655E00EE09DD /* AppDelegate.swift in Sources */,
				437FB9431BB6808A00BCEEA8 /* Helpers.swift in Sources */,
				437FB9541BB683E000BCEEA8 /* NWCalendarMonthSelectorView.swift in Sources */,
				437FB94F1BB683E000BCEEA8 /* NSDate+NWCalendarView.swift in Sources */,
				437FB9531BB683E000BCEEA8 /* NWCalendarMonthContentView.swift in Sources */,
			);
			runOnlyForDeploymentPostprocessing = 0;
		};
		43D745721B25655E00EE09DD /* Sources */ = {
			isa = PBXSourcesBuildPhase;
			buildActionMask = 2147483647;
			files = (
				43D7457D1B25655E00EE09DD /* Gatsbi_iOSTests.swift in Sources */,
			);
			runOnlyForDeploymentPostprocessing = 0;
		};
/* End PBXSourcesBuildPhase section */

/* Begin PBXTargetDependency section */
		43D745781B25655E00EE09DD /* PBXTargetDependency */ = {
			isa = PBXTargetDependency;
			target = 43D745601B25655E00EE09DD /* Gatsbi_iOS */;
			targetProxy = 43D745771B25655E00EE09DD /* PBXContainerItemProxy */;
		};
/* End PBXTargetDependency section */

/* Begin PBXVariantGroup section */
		43D7456A1B25655E00EE09DD /* Main.storyboard */ = {
			isa = PBXVariantGroup;
			children = (
				43D7456B1B25655E00EE09DD /* Base */,
			);
			name = Main.storyboard;
			sourceTree = "<group>";
		};
		43D7456F1B25655E00EE09DD /* LaunchScreen.xib */ = {
			isa = PBXVariantGroup;
			children = (
				43D745701B25655E00EE09DD /* Base */,
			);
			name = LaunchScreen.xib;
			sourceTree = "<group>";
		};
/* End PBXVariantGroup section */

/* Begin XCBuildConfiguration section */
		43D7457E1B25655E00EE09DD /* Debug */ = {
			isa = XCBuildConfiguration;
			buildSettings = {
				ALWAYS_SEARCH_USER_PATHS = NO;
				CLANG_CXX_LANGUAGE_STANDARD = "gnu++0x";
				CLANG_CXX_LIBRARY = "libc++";
				CLANG_ENABLE_MODULES = YES;
				CLANG_ENABLE_OBJC_ARC = YES;
				CLANG_WARN_BOOL_CONVERSION = YES;
				CLANG_WARN_CONSTANT_CONVERSION = YES;
				CLANG_WARN_DIRECT_OBJC_ISA_USAGE = YES_ERROR;
				CLANG_WARN_EMPTY_BODY = YES;
				CLANG_WARN_ENUM_CONVERSION = YES;
				CLANG_WARN_INT_CONVERSION = YES;
				CLANG_WARN_OBJC_ROOT_CLASS = YES_ERROR;
				CLANG_WARN_UNREACHABLE_CODE = YES;
				CLANG_WARN__DUPLICATE_METHOD_MATCH = YES;
				"CODE_SIGN_IDENTITY[sdk=iphoneos*]" = "iPhone Developer";
				COPY_PHASE_STRIP = NO;
				DEBUG_INFORMATION_FORMAT = "dwarf-with-dsym";
				ENABLE_STRICT_OBJC_MSGSEND = YES;
				GCC_C_LANGUAGE_STANDARD = gnu99;
				GCC_DYNAMIC_NO_PIC = NO;
				GCC_NO_COMMON_BLOCKS = YES;
				GCC_OPTIMIZATION_LEVEL = 0;
				GCC_PREPROCESSOR_DEFINITIONS = (
					"DEBUG=1",
					"$(inherited)",
				);
				GCC_SYMBOLS_PRIVATE_EXTERN = NO;
				GCC_WARN_64_TO_32_BIT_CONVERSION = YES;
				GCC_WARN_ABOUT_RETURN_TYPE = YES_ERROR;
				GCC_WARN_UNDECLARED_SELECTOR = YES;
				GCC_WARN_UNINITIALIZED_AUTOS = YES_AGGRESSIVE;
				GCC_WARN_UNUSED_FUNCTION = YES;
				GCC_WARN_UNUSED_VARIABLE = YES;
				IPHONEOS_DEPLOYMENT_TARGET = 8.3;
				MTL_ENABLE_DEBUG_INFO = YES;
				ONLY_ACTIVE_ARCH = YES;
				SDKROOT = iphoneos;
				SWIFT_OPTIMIZATION_LEVEL = "-Onone";
				TARGETED_DEVICE_FAMILY = "1,2";
			};
			name = Debug;
		};
		43D7457F1B25655E00EE09DD /* Release */ = {
			isa = XCBuildConfiguration;
			buildSettings = {
				ALWAYS_SEARCH_USER_PATHS = NO;
				CLANG_CXX_LANGUAGE_STANDARD = "gnu++0x";
				CLANG_CXX_LIBRARY = "libc++";
				CLANG_ENABLE_MODULES = YES;
				CLANG_ENABLE_OBJC_ARC = YES;
				CLANG_WARN_BOOL_CONVERSION = YES;
				CLANG_WARN_CONSTANT_CONVERSION = YES;
				CLANG_WARN_DIRECT_OBJC_ISA_USAGE = YES_ERROR;
				CLANG_WARN_EMPTY_BODY = YES;
				CLANG_WARN_ENUM_CONVERSION = YES;
				CLANG_WARN_INT_CONVERSION = YES;
				CLANG_WARN_OBJC_ROOT_CLASS = YES_ERROR;
				CLANG_WARN_UNREACHABLE_CODE = YES;
				CLANG_WARN__DUPLICATE_METHOD_MATCH = YES;
				"CODE_SIGN_IDENTITY[sdk=iphoneos*]" = "iPhone Developer";
				COPY_PHASE_STRIP = NO;
				DEBUG_INFORMATION_FORMAT = "dwarf-with-dsym";
				ENABLE_NS_ASSERTIONS = NO;
				ENABLE_STRICT_OBJC_MSGSEND = YES;
				GCC_C_LANGUAGE_STANDARD = gnu99;
				GCC_NO_COMMON_BLOCKS = YES;
				GCC_WARN_64_TO_32_BIT_CONVERSION = YES;
				GCC_WARN_ABOUT_RETURN_TYPE = YES_ERROR;
				GCC_WARN_UNDECLARED_SELECTOR = YES;
				GCC_WARN_UNINITIALIZED_AUTOS = YES_AGGRESSIVE;
				GCC_WARN_UNUSED_FUNCTION = YES;
				GCC_WARN_UNUSED_VARIABLE = YES;
				IPHONEOS_DEPLOYMENT_TARGET = 8.3;
				MTL_ENABLE_DEBUG_INFO = NO;
				SDKROOT = iphoneos;
				TARGETED_DEVICE_FAMILY = "1,2";
				VALIDATE_PRODUCT = YES;
			};
			name = Release;
		};
		43D745811B25655E00EE09DD /* Debug */ = {
			isa = XCBuildConfiguration;
			buildSettings = {
				ASSETCATALOG_COMPILER_APPICON_NAME = AppIcon;
				FRAMEWORK_SEARCH_PATHS = (
					"$(inherited)",
					"/Users/jeanieconner/Downloads/parse-library-1.7.4",
					"$(PROJECT_DIR)",
					/Users/jeanieconner/Documents/FacebookSDK,
				);
				INFOPLIST_FILE = Gatsbi_iOS/Info.plist;
				LD_RUNPATH_SEARCH_PATHS = "$(inherited) @executable_path/Frameworks";
				OTHER_LDFLAGS = "-ObjC";
				PRODUCT_NAME = "$(TARGET_NAME)";
				SWIFT_OBJC_BRIDGING_HEADER = "Gatsbi-Bridging-Header.h";
				"SWIFT_OBJC_BRIDGING_HEADER[arch=*]" = "Gatsbi-Bridging-Header.h";
			};
			name = Debug;
		};
		43D745821B25655E00EE09DD /* Release */ = {
			isa = XCBuildConfiguration;
			buildSettings = {
				ASSETCATALOG_COMPILER_APPICON_NAME = AppIcon;
				FRAMEWORK_SEARCH_PATHS = (
					"$(inherited)",
					"/Users/jeanieconner/Downloads/parse-library-1.7.4",
					"$(PROJECT_DIR)",
					/Users/jeanieconner/Documents/FacebookSDK,
				);
				INFOPLIST_FILE = Gatsbi_iOS/Info.plist;
				LD_RUNPATH_SEARCH_PATHS = "$(inherited) @executable_path/Frameworks";
				OTHER_LDFLAGS = "-ObjC";
				PRODUCT_NAME = "$(TARGET_NAME)";
				SWIFT_OBJC_BRIDGING_HEADER = "Gatsbi-Bridging-Header.h";
			};
			name = Release;
		};
		43D745841B25655E00EE09DD /* Debug */ = {
			isa = XCBuildConfiguration;
			buildSettings = {
				BUNDLE_LOADER = "$(TEST_HOST)";
				FRAMEWORK_SEARCH_PATHS = (
					"$(SDKROOT)/Developer/Library/Frameworks",
					"$(inherited)",
				);
				GCC_PREPROCESSOR_DEFINITIONS = (
					"DEBUG=1",
					"$(inherited)",
				);
				INFOPLIST_FILE = Gatsbi_iOSTests/Info.plist;
				LD_RUNPATH_SEARCH_PATHS = "$(inherited) @executable_path/Frameworks @loader_path/Frameworks";
				PRODUCT_NAME = "$(TARGET_NAME)";
				TEST_HOST = "$(BUILT_PRODUCTS_DIR)/Gatsbi_iOS.app/Gatsbi_iOS";
			};
			name = Debug;
		};
		43D745851B25655E00EE09DD /* Release */ = {
			isa = XCBuildConfiguration;
			buildSettings = {
				BUNDLE_LOADER = "$(TEST_HOST)";
				FRAMEWORK_SEARCH_PATHS = (
					"$(SDKROOT)/Developer/Library/Frameworks",
					"$(inherited)",
				);
				INFOPLIST_FILE = Gatsbi_iOSTests/Info.plist;
				LD_RUNPATH_SEARCH_PATHS = "$(inherited) @executable_path/Frameworks @loader_path/Frameworks";
				PRODUCT_NAME = "$(TARGET_NAME)";
				TEST_HOST = "$(BUILT_PRODUCTS_DIR)/Gatsbi_iOS.app/Gatsbi_iOS";
			};
			name = Release;
		};
/* End XCBuildConfiguration section */

/* Begin XCConfigurationList section */
		43D7455C1B25655E00EE09DD /* Build configuration list for PBXProject "Gatsbi_iOS" */ = {
			isa = XCConfigurationList;
			buildConfigurations = (
				43D7457E1B25655E00EE09DD /* Debug */,
				43D7457F1B25655E00EE09DD /* Release */,
			);
			defaultConfigurationIsVisible = 0;
			defaultConfigurationName = Release;
		};
		43D745801B25655E00EE09DD /* Build configuration list for PBXNativeTarget "Gatsbi_iOS" */ = {
			isa = XCConfigurationList;
			buildConfigurations = (
				43D745811B25655E00EE09DD /* Debug */,
				43D745821B25655E00EE09DD /* Release */,
			);
			defaultConfigurationIsVisible = 0;
			defaultConfigurationName = Release;
		};
		43D745831B25655E00EE09DD /* Build configuration list for PBXNativeTarget "Gatsbi_iOSTests" */ = {
			isa = XCConfigurationList;
			buildConfigurations = (
				43D745841B25655E00EE09DD /* Debug */,
				43D745851B25655E00EE09DD /* Release */,
			);
			defaultConfigurationIsVisible = 0;
			defaultConfigurationName = Release;
		};
/* End XCConfigurationList section */
	};
	rootObject = 43D745591B25655E00EE09DD /* Project object */;
}
